
Microsoft Visual Studio Solution File, Format Version 12.00
# Visual Studio Version 16
VisualStudioVersion = 16.0.32630.194
MinimumVisualStudioVersion = 10.0.40219.1
Project("{FAE04EC0-301F-11D3-BF4B-00C04F79EFBC}") = "QR_proje", "QR_proje\QR_proje.csproj", "{BFC83214-8EBF-4577-BFEB-E7FA01D126EA}"
EndProject
Global
	GlobalSection(SolutionConfigurationPlatforms) = preSolution
		Debug|Any CPU = Debug|Any CPU
		Release|Any CPU = Release|Any CPU
	EndGlobalSection
	GlobalSection(ProjectConfigurationPlatforms) = postSolution
		{BFC83214-8EBF-4577-BFEB-E7FA01D126EA}.Debug|Any CPU.ActiveCfg = Debug|Any CPU
		{BFC83214-8EBF-4577-BFEB-E7FA01D126EA}.Debug|Any CPU.Build.0 = Debug|Any CPU
		{BFC83214-8EBF-4577-BFEB-E7FA01D126EA}.Release|Any CPU.ActiveCfg = Release|Any CPU
		{BFC83214-8EBF-4577-BFEB-E7FA01D126EA}.Release|Any CPU.Build.0 = Release|Any CPU
	EndGlobalSection
	GlobalSection(SolutionProperties) = preSolution
		HideSolutionNode = FALSE
	EndGlobalSection
	GlobalSection(ExtensibilityGlobals) = postSolution
		SolutionGuid = {45273650-E987-479C-B2EA-01BA0F91513A}
	EndGlobalSection
EndGlobal
